
Microsoft Visual Studio Solution File, Format Version 12.00
Project("{2150E333-8FDC-42A3-9474-1A3956D46DE8}") = "src", "src", "{827E0CD3-B72D-47B6-A68D-7590B98EB39B}"
EndProject
Project("{FAE04EC0-301F-11D3-BF4B-00C04F79EFBC}") = "FSBS.Domain", "src\FSBS.Domain\FSBS.Domain.csproj", "{B34EE2E8-839C-4CCC-B476-811C38B755CD}"
EndProject
Project("{FAE04EC0-301F-11D3-BF4B-00C04F79EFBC}") = "FSBS.Application", "src\FSBS.Application\FSBS.Application.csproj", "{E6C62988-034A-4B6E-8AB5-E6760BC9CBBB}"
EndProject
Project("{FAE04EC0-301F-11D3-BF4B-00C04F79EFBC}") = "FSBS.Infrastructure", "src\FSBS.Infrastructure\FSBS.Infrastructure.csproj", "{66F2354E-BA30-440B-941B-091E4FA05242}"
EndProject
Project("{FAE04EC0-301F-11D3-BF4B-00C04F79EFBC}") = "FSBS.Api", "src\FSBS.Api\FSBS.Api.csproj", "{3F2B8EE4-C9D5-4094-936B-5177C2E57C26}"
EndProject
Project("{FAE04EC0-301F-11D3-BF4B-00C04F79EFBC}") = "FSBS.Web", "src\FSBS.Web\FSBS.Web.csproj", "{D55D2F2F-6047-4FAE-8D9C-B56C933410A0}"
EndProject
Project("{FAE04EC0-301F-11D3-BF4B-00C04F79EFBC}") = "FSBS.Shared", "src\FSBS.Shared\FSBS.Shared.csproj", "{8F10ADA0-3482-4322-9162-246093F0DC4F}"
EndProject
Project("{2150E333-8FDC-42A3-9474-1A3956D46DE8}") = "infrastructure", "infrastructure", "{DFEE68D8-A7D0-1A41-506C-9B74AA9A7B7B}"
EndProject
Project("{FAE04EC0-301F-11D3-BF4B-00C04F79EFBC}") = "FSBS.Cdk", "infrastructure\FSBS.Cdk\FSBS.Cdk.csproj", "{E8F5BABA-8235-4F3D-BBAB-558487C10EE8}"
EndProject
Project("{2150E333-8FDC-42A3-9474-1A3956D46DE8}") = "tests", "tests", "{0AB3BF05-4346-4AA6-1389-037BE0695223}"
EndProject
Project("{FAE04EC0-301F-11D3-BF4B-00C04F79EFBC}") = "FSBS.Domain.Tests", "tests\FSBS.Domain.Tests\FSBS.Domain.Tests.csproj", "{7BE1F2F9-0B36-4A1E-9331-BD130F63964A}"
EndProject
Project("{FAE04EC0-301F-11D3-BF4B-00C04F79EFBC}") = "FSBS.Application.Tests", "tests\FSBS.Application.Tests\FSBS.Application.Tests.csproj", "{0EB23A88-C51D-42BE-9A95-160BB24D1DDD}"
EndProject
Project("{FAE04EC0-301F-11D3-BF4B-00C04F79EFBC}") = "FSBS.Integration.Tests", "tests\FSBS.Integration.Tests\FSBS.Integration.Tests.csproj", "{1CE8CDC2-732F-40BE-A8B0-BCDF44692F2A}"
EndProject
Project("{FAE04EC0-301F-11D3-BF4B-00C04F79EFBC}") = "FSBS.Infrastructure.Persistence", "src\FSBS.Infrastructure.Persistence\FSBS.Infrastructure.Persistence.csproj", "{6C6F756C-16A0-4085-BEEA-0147AD1EDBDB}"
EndProject
Project("{FAE04EC0-301F-11D3-BF4B-00C04F79EFBC}") = "FSBS.Infrastructure.Persistence.Entities", "src\FSBS.Infrastructure.Persistence.Entities\FSBS.Infrastructure.Persistence.Entities.csproj", "{CEFFB958-5411-44F9-B020-EC1DAB3DF04E}"
EndProject
Project("{FAE04EC0-301F-11D3-BF4B-00C04F79EFBC}") = "FSBS.Infrastructure.Persistence.Migrations", "src\FSBS.Infrastructure.Persistence.Migrations\FSBS.Infrastructure.Persistence.Migrations.csproj", "{673BD44A-4B21-4A1C-ACC4-326ADD05FAB6}"
EndProject
Project("{FAE04EC0-301F-11D3-BF4B-00C04F79EFBC}") = "FSBS.Infrastructure.Persistence.Repositories", "src\FSBS.Infrastructure.Persistence.Repositories\FSBS.Infrastructure.Persistence.Repositories.csproj", "{6AE06D9D-2889-4C3F-8A0D-CA186AEE51C2}"
EndProject
Project("{FAE04EC0-301F-11D3-BF4B-00C04F79EFBC}") = "FSBS.Infrastructure.Persistence.Repositories.Interfaces", "src\FSBS.Infrastructure.Persistence.Repositories.Interfaces\FSBS.Infrastructure.Persistence.Repositories.Interfaces.csproj", "{148F815F-2257-4C8E-A848-653DC8715615}"
EndProject
Project("{FAE04EC0-301F-11D3-BF4B-00C04F79EFBC}") = "FSBS.Functions", "src\FSBS.Functions\FSBS.Functions.csproj", "{D0C42257-5D88-464D-8C56-AF211CF80A94}"
EndProject
Project("{FAE04EC0-301F-11D3-BF4B-00C04F79EFBC}") = "FSBS.Worker", "src\FSBS.Worker\FSBS.Worker.csproj", "{62B593E1-3556-4C61-8FC9-7C082D728148}"
EndProject
Global
	GlobalSection(SolutionConfigurationPlatforms) = preSolution
		Debug|Any CPU = Debug|Any CPU
		Debug|x64 = Debug|x64
		Debug|x86 = Debug|x86
		Release|Any CPU = Release|Any CPU
		Release|x64 = Release|x64
		Release|x86 = Release|x86
	EndGlobalSection
	GlobalSection(ProjectConfigurationPlatforms) = postSolution
		{B34EE2E8-839C-4CCC-B476-811C38B755CD}.Debug|Any CPU.ActiveCfg = Debug|Any CPU
		{B34EE2E8-839C-4CCC-B476-811C38B755CD}.Debug|Any CPU.Build.0 = Debug|Any CPU
		{B34EE2E8-839C-4CCC-B476-811C38B755CD}.Debug|x64.ActiveCfg = Debug|Any CPU
		{B34EE2E8-839C-4CCC-B476-811C38B755CD}.Debug|x64.Build.0 = Debug|Any CPU
		{B34EE2E8-839C-4CCC-B476-811C38B755CD}.Debug|x86.ActiveCfg = Debug|Any CPU
		{B34EE2E8-839C-4CCC-B476-811C38B755CD}.Debug|x86.Build.0 = Debug|Any CPU
		{B34EE2E8-839C-4CCC-B476-811C38B755CD}.Release|Any CPU.ActiveCfg = Release|Any CPU
		{B34EE2E8-839C-4CCC-B476-811C38B755CD}.Release|Any CPU.Build.0 = Release|Any CPU
		{B34EE2E8-839C-4CCC-B476-811C38B755CD}.Release|x64.ActiveCfg = Release|Any CPU
		{B34EE2E8-839C-4CCC-B476-811C38B755CD}.Release|x64.Build.0 = Release|Any CPU
		{B34EE2E8-839C-4CCC-B476-811C38B755CD}.Release|x86.ActiveCfg = Release|Any CPU
		{B34EE2E8-839C-4CCC-B476-811C38B755CD}.Release|x86.Build.0 = Release|Any CPU
		{E6C62988-034A-4B6E-8AB5-E6760BC9CBBB}.Debug|Any CPU.ActiveCfg = Debug|Any CPU
		{E6C62988-034A-4B6E-8AB5-E6760BC9CBBB}.Debug|Any CPU.Build.0 = Debug|Any CPU
		{E6C62988-034A-4B6E-8AB5-E6760BC9CBBB}.Debug|x64.ActiveCfg = Debug|Any CPU
		{E6C62988-034A-4B6E-8AB5-E6760BC9CBBB}.Debug|x64.Build.0 = Debug|Any CPU
		{E6C62988-034A-4B6E-8AB5-E6760BC9CBBB}.Debug|x86.ActiveCfg = Debug|Any CPU
		{E6C62988-034A-4B6E-8AB5-E6760BC9CBBB}.Debug|x86.Build.0 = Debug|Any CPU
		{E6C62988-034A-4B6E-8AB5-E6760BC9CBBB}.Release|Any CPU.ActiveCfg = Release|Any CPU
		{E6C62988-034A-4B6E-8AB5-E6760BC9CBBB}.Release|Any CPU.Build.0 = Release|Any CPU
		{E6C62988-034A-4B6E-8AB5-E6760BC9CBBB}.Release|x64.ActiveCfg = Release|Any CPU
		{E6C62988-034A-4B6E-8AB5-E6760BC9CBBB}.Release|x64.Build.0 = Release|Any CPU
		{E6C62988-034A-4B6E-8AB5-E6760BC9CBBB}.Release|x86.ActiveCfg = Release|Any CPU
		{E6C62988-034A-4B6E-8AB5-E6760BC9CBBB}.Release|x86.Build.0 = Release|Any CPU
		{66F2354E-BA30-440B-941B-091E4FA05242}.Debug|Any CPU.ActiveCfg = Debug|Any CPU
		{66F2354E-BA30-440B-941B-091E4FA05242}.Debug|Any CPU.Build.0 = Debug|Any CPU
		{66F2354E-BA30-440B-941B-091E4FA05242}.Debug|x64.ActiveCfg = Debug|Any CPU
		{66F2354E-BA30-440B-941B-091E4FA05242}.Debug|x64.Build.0 = Debug|Any CPU
		{66F2354E-BA30-440B-941B-091E4FA05242}.Debug|x86.ActiveCfg = Debug|Any CPU
		{66F2354E-BA30-440B-941B-091E4FA05242}.Debug|x86.Build.0 = Debug|Any CPU
		{66F2354E-BA30-440B-941B-091E4FA05242}.Release|Any CPU.ActiveCfg = Release|Any CPU
		{66F2354E-BA30-440B-941B-091E4FA05242}.Release|Any CPU.Build.0 = Release|Any CPU
		{66F2354E-BA30-440B-941B-091E4FA05242}.Release|x64.ActiveCfg = Release|Any CPU
		{66F2354E-BA30-440B-941B-091E4FA05242}.Release|x64.Build.0 = Release|Any CPU
		{66F2354E-BA30-440B-941B-091E4FA05242}.Release|x86.ActiveCfg = Release|Any CPU
		{66F2354E-BA30-440B-941B-091E4FA05242}.Release|x86.Build.0 = Release|Any CPU
		{3F2B8EE4-C9D5-4094-936B-5177C2E57C26}.Debug|Any CPU.ActiveCfg = Debug|Any CPU
		{3F2B8EE4-C9D5-4094-936B-5177C2E57C26}.Debug|Any CPU.Build.0 = Debug|Any CPU
		{3F2B8EE4-C9D5-4094-936B-5177C2E57C26}.Debug|x64.ActiveCfg = Debug|Any CPU
		{3F2B8EE4-C9D5-4094-936B-5177C2E57C26}.Debug|x64.Build.0 = Debug|Any CPU
		{3F2B8EE4-C9D5-4094-936B-5177C2E57C26}.Debug|x86.ActiveCfg = Debug|Any CPU
		{3F2B8EE4-C9D5-4094-936B-5177C2E57C26}.Debug|x86.Build.0 = Debug|Any CPU
		{3F2B8EE4-C9D5-4094-936B-5177C2E57C26}.Release|Any CPU.ActiveCfg = Release|Any CPU
		{3F2B8EE4-C9D5-4094-936B-5177C2E57C26}.Release|Any CPU.Build.0 = Release|Any CPU
		{3F2B8EE4-C9D5-4094-936B-5177C2E57C26}.Release|x64.ActiveCfg = Release|Any CPU
		{3F2B8EE4-C9D5-4094-936B-5177C2E57C26}.Release|x64.Build.0 = Release|Any CPU
		{3F2B8EE4-C9D5-4094-936B-5177C2E57C26}.Release|x86.ActiveCfg = Release|Any CPU
		{3F2B8EE4-C9D5-4094-936B-5177C2E57C26}.Release|x86.Build.0 = Release|Any CPU
		{D55D2F2F-6047-4FAE-8D9C-B56C933410A0}.Debug|Any CPU.ActiveCfg = Debug|Any CPU
		{D55D2F2F-6047-4FAE-8D9C-B56C933410A0}.Debug|Any CPU.Build.0 = Debug|Any CPU
		{D55D2F2F-6047-4FAE-8D9C-B56C933410A0}.Debug|x64.ActiveCfg = Debug|Any CPU
		{D55D2F2F-6047-4FAE-8D9C-B56C933410A0}.Debug|x64.Build.0 = Debug|Any CPU
		{D55D2F2F-6047-4FAE-8D9C-B56C933410A0}.Debug|x86.ActiveCfg = Debug|Any CPU
		{D55D2F2F-6047-4FAE-8D9C-B56C933410A0}.Debug|x86.Build.0 = Debug|Any CPU
		{D55D2F2F-6047-4FAE-8D9C-B56C933410A0}.Release|Any CPU.ActiveCfg = Release|Any CPU
		{D55D2F2F-6047-4FAE-8D9C-B56C933410A0}.Release|Any CPU.Build.0 = Release|Any CPU
		{D55D2F2F-6047-4FAE-8D9C-B56C933410A0}.Release|x64.ActiveCfg = Release|Any CPU
		{D55D2F2F-6047-4FAE-8D9C-B56C933410A0}.Release|x64.Build.0 = Release|Any CPU
		{D55D2F2F-6047-4FAE-8D9C-B56C933410A0}.Release|x86.ActiveCfg = Release|Any CPU
		{D55D2F2F-6047-4FAE-8D9C-B56C933410A0}.Release|x86.Build.0 = Release|Any CPU
		{8F10ADA0-3482-4322-9162-246093F0DC4F}.Debug|Any CPU.ActiveCfg = Debug|Any CPU
		{8F10ADA0-3482-4322-9162-246093F0DC4F}.Debug|Any CPU.Build.0 = Debug|Any CPU
		{8F10ADA0-3482-4322-9162-246093F0DC4F}.Debug|x64.ActiveCfg = Debug|Any CPU
		{8F10ADA0-3482-4322-9162-246093F0DC4F}.Debug|x64.Build.0 = Debug|Any CPU
		{8F10ADA0-3482-4322-9162-246093F0DC4F}.Debug|x86.ActiveCfg = Debug|Any CPU
		{8F10ADA0-3482-4322-9162-246093F0DC4F}.Debug|x86.Build.0 = Debug|Any CPU
		{8F10ADA0-3482-4322-9162-246093F0DC4F}.Release|Any CPU.ActiveCfg = Release|Any CPU
		{8F10ADA0-3482-4322-9162-246093F0DC4F}.Release|Any CPU.Build.0 = Release|Any CPU
		{8F10ADA0-3482-4322-9162-246093F0DC4F}.Release|x64.ActiveCfg = Release|Any CPU
		{8F10ADA0-3482-4322-9162-246093F0DC4F}.Release|x64.Build.0 = Release|Any CPU
		{8F10ADA0-3482-4322-9162-246093F0DC4F}.Release|x86.ActiveCfg = Release|Any CPU
		{8F10ADA0-3482-4322-9162-246093F0DC4F}.Release|x86.Build.0 = Release|Any CPU
		{E8F5BABA-8235-4F3D-BBAB-558487C10EE8}.Debug|Any CPU.ActiveCfg = Debug|Any CPU
		{E8F5BABA-8235-4F3D-BBAB-558487C10EE8}.Debug|Any CPU.Build.0 = Debug|Any CPU
		{E8F5BABA-8235-4F3D-BBAB-558487C10EE8}.Debug|x64.ActiveCfg = Debug|Any CPU
		{E8F5BABA-8235-4F3D-BBAB-558487C10EE8}.Debug|x64.Build.0 = Debug|Any CPU
		{E8F5BABA-8235-4F3D-BBAB-558487C10EE8}.Debug|x86.ActiveCfg = Debug|Any CPU
		{E8F5BABA-8235-4F3D-BBAB-558487C10EE8}.Debug|x86.Build.0 = Debug|Any CPU
		{E8F5BABA-8235-4F3D-BBAB-558487C10EE8}.Release|Any CPU.ActiveCfg = Release|Any CPU
		{E8F5BABA-8235-4F3D-BBAB-558487C10EE8}.Release|Any CPU.Build.0 = Release|Any CPU
		{E8F5BABA-8235-4F3D-BBAB-558487C10EE8}.Release|x64.ActiveCfg = Release|Any CPU
		{E8F5BABA-8235-4F3D-BBAB-558487C10EE8}.Release|x64.Build.0 = Release|Any CPU
		{E8F5BABA-8235-4F3D-BBAB-558487C10EE8}.Release|x86.ActiveCfg = Release|Any CPU
		{E8F5BABA-8235-4F3D-BBAB-558487C10EE8}.Release|x86.Build.0 = Release|Any CPU
		{7BE1F2F9-0B36-4A1E-9331-BD130F63964A}.Debug|Any CPU.ActiveCfg = Debug|Any CPU
		{7BE1F2F9-0B36-4A1E-9331-BD130F63964A}.Debug|Any CPU.Build.0 = Debug|Any CPU
		{7BE1F2F9-0B36-4A1E-9331-BD130F63964A}.Debug|x64.ActiveCfg = Debug|Any CPU
		{7BE1F2F9-0B36-4A1E-9331-BD130F63964A}.Debug|x64.Build.0 = Debug|Any CPU
		{7BE1F2F9-0B36-4A1E-9331-BD130F63964A}.Debug|x86.ActiveCfg = Debug|Any CPU
		{7BE1F2F9-0B36-4A1E-9331-BD130F63964A}.Debug|x86.Build.0 = Debug|Any CPU
		{7BE1F2F9-0B36-4A1E-9331-BD130F63964A}.Release|Any CPU.ActiveCfg = Release|Any CPU
		{7BE1F2F9-0B36-4A1E-9331-BD130F63964A}.Release|Any CPU.Build.0 = Release|Any CPU
		{7BE1F2F9-0B36-4A1E-9331-BD130F63964A}.Release|x64.ActiveCfg = Release|Any CPU
		{7BE1F2F9-0B36-4A1E-9331-BD130F63964A}.Release|x64.Build.0 = Release|Any CPU
		{7BE1F2F9-0B36-4A1E-9331-BD130F63964A}.Release|x86.ActiveCfg = Release|Any CPU
		{7BE1F2F9-0B36-4A1E-9331-BD130F63964A}.Release|x86.Build.0 = Release|Any CPU
		{0EB23A88-C51D-42BE-9A95-160BB24D1DDD}.Debug|Any CPU.ActiveCfg = Debug|Any CPU
		{0EB23A88-C51D-42BE-9A95-160BB24D1DDD}.Debug|Any CPU.Build.0 = Debug|Any CPU
		{0EB23A88-C51D-42BE-9A95-160BB24D1DDD}.Debug|x64.ActiveCfg = Debug|Any CPU
		{0EB23A88-C51D-42BE-9A95-160BB24D1DDD}.Debug|x64.Build.0 = Debug|Any CPU
		{0EB23A88-C51D-42BE-9A95-160BB24D1DDD}.Debug|x86.ActiveCfg = Debug|Any CPU
		{0EB23A88-C51D-42BE-9A95-160BB24D1DDD}.Debug|x86.Build.0 = Debug|Any CPU
		{0EB23A88-C51D-42BE-9A95-160BB24D1DDD}.Release|Any CPU.ActiveCfg = Release|Any CPU
		{0EB23A88-C51D-42BE-9A95-160BB24D1DDD}.Release|Any CPU.Build.0 = Release|Any CPU
		{0EB23A88-C51D-42BE-9A95-160BB24D1DDD}.Release|x64.ActiveCfg = Release|Any CPU
		{0EB23A88-C51D-42BE-9A95-160BB24D1DDD}.Release|x64.Build.0 = Release|Any CPU
		{0EB23A88-C51D-42BE-9A95-160BB24D1DDD}.Release|x86.ActiveCfg = Release|Any CPU
		{0EB23A88-C51D-42BE-9A95-160BB24D1DDD}.Release|x86.Build.0 = Release|Any CPU
		{1CE8CDC2-732F-40BE-A8B0-BCDF44692F2A}.Debug|Any CPU.ActiveCfg = Debug|Any CPU
		{1CE8CDC2-732F-40BE-A8B0-BCDF44692F2A}.Debug|Any CPU.Build.0 = Debug|Any CPU
		{1CE8CDC2-732F-40BE-A8B0-BCDF44692F2A}.Debug|x64.ActiveCfg = Debug|Any CPU
		{1CE8CDC2-732F-40BE-A8B0-BCDF44692F2A}.Debug|x64.Build.0 = Debug|Any CPU
		{1CE8CDC2-732F-40BE-A8B0-BCDF44692F2A}.Debug|x86.ActiveCfg = Debug|Any CPU
		{1CE8CDC2-732F-40BE-A8B0-BCDF44692F2A}.Debug|x86.Build.0 = Debug|Any CPU
		{1CE8CDC2-732F-40BE-A8B0-BCDF44692F2A}.Release|Any CPU.ActiveCfg = Release|Any CPU
		{1CE8CDC2-732F-40BE-A8B0-BCDF44692F2A}.Release|Any CPU.Build.0 = Release|Any CPU
		{1CE8CDC2-732F-40BE-A8B0-BCDF44692F2A}.Release|x64.ActiveCfg = Release|Any CPU
		{1CE8CDC2-732F-40BE-A8B0-BCDF44692F2A}.Release|x64.Build.0 = Release|Any CPU
		{1CE8CDC2-732F-40BE-A8B0-BCDF44692F2A}.Release|x86.ActiveCfg = Release|Any CPU
		{1CE8CDC2-732F-40BE-A8B0-BCDF44692F2A}.Release|x86.Build.0 = Release|Any CPU
		{6C6F756C-16A0-4085-BEEA-0147AD1EDBDB}.Debug|Any CPU.ActiveCfg = Debug|Any CPU
		{6C6F756C-16A0-4085-BEEA-0147AD1EDBDB}.Debug|Any CPU.Build.0 = Debug|Any CPU
		{6C6F756C-16A0-4085-BEEA-0147AD1EDBDB}.Debug|x64.ActiveCfg = Debug|Any CPU
		{6C6F756C-16A0-4085-BEEA-0147AD1EDBDB}.Debug|x64.Build.0 = Debug|Any CPU
		{6C6F756C-16A0-4085-BEEA-0147AD1EDBDB}.Debug|x86.ActiveCfg = Debug|Any CPU
		{6C6F756C-16A0-4085-BEEA-0147AD1EDBDB}.Debug|x86.Build.0 = Debug|Any CPU
		{6C6F756C-16A0-4085-BEEA-0147AD1EDBDB}.Release|Any CPU.ActiveCfg = Release|Any CPU
		{6C6F756C-16A0-4085-BEEA-0147AD1EDBDB}.Release|Any CPU.Build.0 = Release|Any CPU
		{6C6F756C-16A0-4085-BEEA-0147AD1EDBDB}.Release|x64.ActiveCfg = Release|Any CPU
		{6C6F756C-16A0-4085-BEEA-0147AD1EDBDB}.Release|x64.Build.0 = Release|Any CPU
		{6C6F756C-16A0-4085-BEEA-0147AD1EDBDB}.Release|x86.ActiveCfg = Release|Any CPU
		{6C6F756C-16A0-4085-BEEA-0147AD1EDBDB}.Release|x86.Build.0 = Release|Any CPU
		{CEFFB958-5411-44F9-B020-EC1DAB3DF04E}.Debug|Any CPU.ActiveCfg = Debug|Any CPU
		{CEFFB958-5411-44F9-B020-EC1DAB3DF04E}.Debug|Any CPU.Build.0 = Debug|Any CPU
		{CEFFB958-5411-44F9-B020-EC1DAB3DF04E}.Debug|x64.ActiveCfg = Debug|Any CPU
		{CEFFB958-5411-44F9-B020-EC1DAB3DF04E}.Debug|x64.Build.0 = Debug|Any CPU
		{CEFFB958-5411-44F9-B020-EC1DAB3DF04E}.Debug|x86.ActiveCfg = Debug|Any CPU
		{CEFFB958-5411-44F9-B020-EC1DAB3DF04E}.Debug|x86.Build.0 = Debug|Any CPU
		{CEFFB958-5411-44F9-B020-EC1DAB3DF04E}.Release|Any CPU.ActiveCfg = Release|Any CPU
		{CEFFB958-5411-44F9-B020-EC1DAB3DF04E}.Release|Any CPU.Build.0 = Release|Any CPU
		{CEFFB958-5411-44F9-B020-EC1DAB3DF04E}.Release|x64.ActiveCfg = Release|Any CPU
		{CEFFB958-5411-44F9-B020-EC1DAB3DF04E}.Release|x64.Build.0 = Release|Any CPU
		{CEFFB958-5411-44F9-B020-EC1DAB3DF04E}.Release|x86.ActiveCfg = Release|Any CPU
		{CEFFB958-5411-44F9-B020-EC1DAB3DF04E}.Release|x86.Build.0 = Release|Any CPU
		{673BD44A-4B21-4A1C-ACC4-326ADD05FAB6}.Debug|Any CPU.ActiveCfg = Debug|Any CPU
		{673BD44A-4B21-4A1C-ACC4-326ADD05FAB6}.Debug|Any CPU.Build.0 = Debug|Any CPU
		{673BD44A-4B21-4A1C-ACC4-326ADD05FAB6}.Debug|x64.ActiveCfg = Debug|Any CPU
		{673BD44A-4B21-4A1C-ACC4-326ADD05FAB6}.Debug|x64.Build.0 = Debug|Any CPU
		{673BD44A-4B21-4A1C-ACC4-326ADD05FAB6}.Debug|x86.ActiveCfg = Debug|Any CPU
		{673BD44A-4B21-4A1C-ACC4-326ADD05FAB6}.Debug|x86.Build.0 = Debug|Any CPU
		{673BD44A-4B21-4A1C-ACC4-326ADD05FAB6}.Release|Any CPU.ActiveCfg = Release|Any CPU
		{673BD44A-4B21-4A1C-ACC4-326ADD05FAB6}.Release|Any CPU.Build.0 = Release|Any CPU
		{673BD44A-4B21-4A1C-ACC4-326ADD05FAB6}.Release|x64.ActiveCfg = Release|Any CPU
		{673BD44A-4B21-4A1C-ACC4-326ADD05FAB6}.Release|x64.Build.0 = Release|Any CPU
		{673BD44A-4B21-4A1C-ACC4-326ADD05FAB6}.Release|x86.ActiveCfg = Release|Any CPU
		{673BD44A-4B21-4A1C-ACC4-326ADD05FAB6}.Release|x86.Build.0 = Release|Any CPU
		{6AE06D9D-2889-4C3F-8A0D-CA186AEE51C2}.Debug|Any CPU.ActiveCfg = Debug|Any CPU
		{6AE06D9D-2889-4C3F-8A0D-CA186AEE51C2}.Debug|Any CPU.Build.0 = Debug|Any CPU
		{6AE06D9D-2889-4C3F-8A0D-CA186AEE51C2}.Debug|x64.ActiveCfg = Debug|Any CPU
		{6AE06D9D-2889-4C3F-8A0D-CA186AEE51C2}.Debug|x64.Build.0 = Debug|Any CPU
		{6AE06D9D-2889-4C3F-8A0D-CA186AEE51C2}.Debug|x86.ActiveCfg = Debug|Any CPU
		{6AE06D9D-2889-4C3F-8A0D-CA186AEE51C2}.Debug|x86.Build.0 = Debug|Any CPU
		{6AE06D9D-2889-4C3F-8A0D-CA186AEE51C2}.Release|Any CPU.ActiveCfg = Release|Any CPU
		{6AE06D9D-2889-4C3F-8A0D-CA186AEE51C2}.Release|Any CPU.Build.0 = Release|Any CPU
		{6AE06D9D-2889-4C3F-8A0D-CA186AEE51C2}.Release|x64.ActiveCfg = Release|Any CPU
		{6AE06D9D-2889-4C3F-8A0D-CA186AEE51C2}.Release|x64.Build.0 = Release|Any CPU
		{6AE06D9D-2889-4C3F-8A0D-CA186AEE51C2}.Release|x86.ActiveCfg = Release|Any CPU
		{6AE06D9D-2889-4C3F-8A0D-CA186AEE51C2}.Release|x86.Build.0 = Release|Any CPU
		{148F815F-2257-4C8E-A848-653DC8715615}.Debug|Any CPU.ActiveCfg = Debug|Any CPU
		{148F815F-2257-4C8E-A848-653DC8715615}.Debug|Any CPU.Build.0 = Debug|Any CPU
		{148F815F-2257-4C8E-A848-653DC8715615}.Debug|x64.ActiveCfg = Debug|Any CPU
		{148F815F-2257-4C8E-A848-653DC8715615}.Debug|x64.Build.0 = Debug|Any CPU
		{148F815F-2257-4C8E-A848-653DC8715615}.Debug|x86.ActiveCfg = Debug|Any CPU
		{148F815F-2257-4C8E-A848-653DC8715615}.Debug|x86.Build.0 = Debug|Any CPU
		{148F815F-2257-4C8E-A848-653DC8715615}.Release|Any CPU.ActiveCfg = Release|Any CPU
		{148F815F-2257-4C8E-A848-653DC8715615}.Release|Any CPU.Build.0 = Release|Any CPU
		{148F815F-2257-4C8E-A848-653DC8715615}.Release|x64.ActiveCfg = Release|Any CPU
		{148F815F-2257-4C8E-A848-653DC8715615}.Release|x64.Build.0 = Release|Any CPU
		{148F815F-2257-4C8E-A848-653DC8715615}.Release|x86.ActiveCfg = Release|Any CPU
		{148F815F-2257-4C8E-A848-653DC8715615}.Release|x86.Build.0 = Release|Any CPU
		{D0C42257-5D88-464D-8C56-AF211CF80A94}.Debug|Any CPU.ActiveCfg = Debug|Any CPU
		{D0C42257-5D88-464D-8C56-AF211CF80A94}.Debug|Any CPU.Build.0 = Debug|Any CPU
		{D0C42257-5D88-464D-8C56-AF211CF80A94}.Debug|x64.ActiveCfg = Debug|Any CPU
		{D0C42257-5D88-464D-8C56-AF211CF80A94}.Debug|x64.Build.0 = Debug|Any CPU
		{D0C42257-5D88-464D-8C56-AF211CF80A94}.Debug|x86.ActiveCfg = Debug|Any CPU
		{D0C42257-5D88-464D-8C56-AF211CF80A94}.Debug|x86.Build.0 = Debug|Any CPU
		{D0C42257-5D88-464D-8C56-AF211CF80A94}.Release|Any CPU.ActiveCfg = Release|Any CPU
		{D0C42257-5D88-464D-8C56-AF211CF80A94}.Release|Any CPU.Build.0 = Release|Any CPU
		{D0C42257-5D88-464D-8C56-AF211CF80A94}.Release|x64.ActiveCfg = Release|Any CPU
		{D0C42257-5D88-464D-8C56-AF211CF80A94}.Release|x64.Build.0 = Release|Any CPU
		{D0C42257-5D88-464D-8C56-AF211CF80A94}.Release|x86.ActiveCfg = Release|Any CPU
		{D0C42257-5D88-464D-8C56-AF211CF80A94}.Release|x86.Build.0 = Release|Any CPU
		{62B593E1-3556-4C61-8FC9-7C082D728148}.Debug|Any CPU.ActiveCfg = Debug|Any CPU
		{62B593E1-3556-4C61-8FC9-7C082D728148}.Debug|Any CPU.Build.0 = Debug|Any CPU
		{62B593E1-3556-4C61-8FC9-7C082D728148}.Debug|x64.ActiveCfg = Debug|Any CPU
		{62B593E1-3556-4C61-8FC9-7C082D728148}.Debug|x64.Build.0 = Debug|Any CPU
		{62B593E1-3556-4C61-8FC9-7C082D728148}.Debug|x86.ActiveCfg = Debug|Any CPU
		{62B593E1-3556-4C61-8FC9-7C082D728148}.Debug|x86.Build.0 = Debug|Any CPU
		{62B593E1-3556-4C61-8FC9-7C082D728148}.Release|Any CPU.ActiveCfg = Release|Any CPU
		{62B593E1-3556-4C61-8FC9-7C082D728148}.Release|Any CPU.Build.0 = Release|Any CPU
		{62B593E1-3556-4C61-8FC9-7C082D728148}.Release|x64.ActiveCfg = Release|Any CPU
		{62B593E1-3556-4C61-8FC9-7C082D728148}.Release|x64.Build.0 = Release|Any CPU
		{62B593E1-3556-4C61-8FC9-7C082D728148}.Release|x86.ActiveCfg = Release|Any CPU
		{62B593E1-3556-4C61-8FC9-7C082D728148}.Release|x86.Build.0 = Release|Any CPU
	EndGlobalSection
	GlobalSection(SolutionProperties) = preSolution
		HideSolutionNode = FALSE
	EndGlobalSection
	GlobalSection(NestedProjects) = preSolution
		{B34EE2E8-839C-4CCC-B476-811C38B755CD} = {827E0CD3-B72D-47B6-A68D-7590B98EB39B}
		{E6C62988-034A-4B6E-8AB5-E6760BC9CBBB} = {827E0CD3-B72D-47B6-A68D-7590B98EB39B}
		{66F2354E-BA30-440B-941B-091E4FA05242} = {827E0CD3-B72D-47B6-A68D-7590B98EB39B}
		{3F2B8EE4-C9D5-4094-936B-5177C2E57C26} = {827E0CD3-B72D-47B6-A68D-7590B98EB39B}
		{D55D2F2F-6047-4FAE-8D9C-B56C933410A0} = {827E0CD3-B72D-47B6-A68D-7590B98EB39B}
		{8F10ADA0-3482-4322-9162-246093F0DC4F} = {827E0CD3-B72D-47B6-A68D-7590B98EB39B}
		{E8F5BABA-8235-4F3D-BBAB-558487C10EE8} = {DFEE68D8-A7D0-1A41-506C-9B74AA9A7B7B}
		{7BE1F2F9-0B36-4A1E-9331-BD130F63964A} = {0AB3BF05-4346-4AA6-1389-037BE0695223}
		{0EB23A88-C51D-42BE-9A95-160BB24D1DDD} = {0AB3BF05-4346-4AA6-1389-037BE0695223}
		{1CE8CDC2-732F-40BE-A8B0-BCDF44692F2A} = {0AB3BF05-4346-4AA6-1389-037BE0695223}
		{6C6F756C-16A0-4085-BEEA-0147AD1EDBDB} = {827E0CD3-B72D-47B6-A68D-7590B98EB39B}
		{CEFFB958-5411-44F9-B020-EC1DAB3DF04E} = {827E0CD3-B72D-47B6-A68D-7590B98EB39B}
		{673BD44A-4B21-4A1C-ACC4-326ADD05FAB6} = {827E0CD3-B72D-47B6-A68D-7590B98EB39B}
		{6AE06D9D-2889-4C3F-8A0D-CA186AEE51C2} = {827E0CD3-B72D-47B6-A68D-7590B98EB39B}
		{148F815F-2257-4C8E-A848-653DC8715615} = {827E0CD3-B72D-47B6-A68D-7590B98EB39B}
		{D0C42257-5D88-464D-8C56-AF211CF80A94} = {827E0CD3-B72D-47B6-A68D-7590B98EB39B}
		{62B593E1-3556-4C61-8FC9-7C082D728148} = {827E0CD3-B72D-47B6-A68D-7590B98EB39B}
	EndGlobalSection
EndGlobal
